
Microsoft Visual Studio Solution File, Format Version 12.00
# Visual Studio Version 17
VisualStudioVersion = 17.1.32421.90
MinimumVisualStudioVersion = 10.0.40219.1
Project("{FAE04EC0-301F-11D3-BF4B-00C04F79EFBC}") = "Student housing", "Student housing\Student housing.csproj", "{EC19D8CF-E4A1-4F4D-A03D-AFDB8DED31F7}"
EndProject
Global
	GlobalSection(SolutionConfigurationPlatforms) = preSolution
		Debug|Any CPU = Debug|Any CPU
		Release|Any CPU = Release|Any CPU
	EndGlobalSection
	GlobalSection(ProjectConfigurationPlatforms) = postSolution
		{EC19D8CF-E4A1-4F4D-A03D-AFDB8DED31F7}.Debug|Any CPU.ActiveCfg = Debug|Any CPU
		{EC19D8CF-E4A1-4F4D-A03D-AFDB8DED31F7}.Debug|Any CPU.Build.0 = Debug|Any CPU
		{EC19D8CF-E4A1-4F4D-A03D-AFDB8DED31F7}.Release|Any CPU.ActiveCfg = Release|Any CPU
		{EC19D8CF-E4A1-4F4D-A03D-AFDB8DED31F7}.Release|Any CPU.Build.0 = Release|Any CPU
	EndGlobalSection
	GlobalSection(SolutionProperties) = preSolution
		HideSolutionNode = FALSE
	EndGlobalSection
	GlobalSection(ExtensibilityGlobals) = postSolution
		SolutionGuid = {0AFFC538-A38F-440C-A3D9-2929651C227E}
	EndGlobalSection
EndGlobal
